
Microsoft Visual Studio Solution File, Format Version 12.00
# Visual Studio Version 16
VisualStudioVersion = 16.0.29230.47
MinimumVisualStudioVersion = 10.0.40219.1
Project("{FAE04EC0-301F-11D3-BF4B-00C04F79EFBC}") = "luna", "luna.csproj", "{98D15BCA-6AD1-4577-811E-749C00A84986}"
EndProject
Global
	GlobalSection(SolutionConfigurationPlatforms) = preSolution
		Debug|Any CPU = Debug|Any CPU
		Release|Any CPU = Release|Any CPU
	EndGlobalSection
	GlobalSection(ProjectConfigurationPlatforms) = postSolution
		{98D15BCA-6AD1-4577-811E-749C00A84986}.Debug|Any CPU.ActiveCfg = Debug|Any CPU
		{98D15BCA-6AD1-4577-811E-749C00A84986}.Debug|Any CPU.Build.0 = Debug|Any CPU
		{98D15BCA-6AD1-4577-811E-749C00A84986}.Release|Any CPU.ActiveCfg = Release|Any CPU
		{98D15BCA-6AD1-4577-811E-749C00A84986}.Release|Any CPU.Build.0 = Release|Any CPU
	EndGlobalSection
	GlobalSection(SolutionProperties) = preSolution
		HideSolutionNode = FALSE
	EndGlobalSection
	GlobalSection(ExtensibilityGlobals) = postSolution
		SolutionGuid = {01884189-B911-41AD-8B93-04DD1D3443B5}
	EndGlobalSection
EndGlobal
